
Microsoft Visual Studio Solution File, Format Version 12.00
# Visual Studio Version 17
VisualStudioVersion = 17.9.34723.18
MinimumVisualStudioVersion = 10.0.40219.1
Project("{9A19103F-16F7-4668-BE54-9A1E7A4F7556}") = "entityFrameWork3", "entityFrameWork3\entityFrameWork3.csproj", "{2CF1585C-586F-4714-9D4E-DB208238DE7D}"
EndProject
Project("{FAE04EC0-301F-11D3-BF4B-00C04F79EFBC}") = "Task2", "Task2\Task2.csproj", "{BC8B32E1-FC5D-4FAA-8207-86B09403D473}"
EndProject
Global
	GlobalSection(SolutionConfigurationPlatforms) = preSolution
		Debug|Any CPU = Debug|Any CPU
		Release|Any CPU = Release|Any CPU
	EndGlobalSection
	GlobalSection(ProjectConfigurationPlatforms) = postSolution
		{2CF1585C-586F-4714-9D4E-DB208238DE7D}.Debug|Any CPU.ActiveCfg = Debug|Any CPU
		{2CF1585C-586F-4714-9D4E-DB208238DE7D}.Debug|Any CPU.Build.0 = Debug|Any CPU
		{2CF1585C-586F-4714-9D4E-DB208238DE7D}.Release|Any CPU.ActiveCfg = Release|Any CPU
		{2CF1585C-586F-4714-9D4E-DB208238DE7D}.Release|Any CPU.Build.0 = Release|Any CPU
		{BC8B32E1-FC5D-4FAA-8207-86B09403D473}.Debug|Any CPU.ActiveCfg = Debug|Any CPU
		{BC8B32E1-FC5D-4FAA-8207-86B09403D473}.Debug|Any CPU.Build.0 = Debug|Any CPU
		{BC8B32E1-FC5D-4FAA-8207-86B09403D473}.Release|Any CPU.ActiveCfg = Release|Any CPU
		{BC8B32E1-FC5D-4FAA-8207-86B09403D473}.Release|Any CPU.Build.0 = Release|Any CPU
	EndGlobalSection
	GlobalSection(SolutionProperties) = preSolution
		HideSolutionNode = FALSE
	EndGlobalSection
	GlobalSection(ExtensibilityGlobals) = postSolution
		SolutionGuid = {BFD03173-8ED6-4CE4-A8E4-1FFCA1570548}
	EndGlobalSection
EndGlobal
